// !$*UTF8*$!
{
	archiveVersion = 1;
	classes = {
	};
	objectVersion = 77;
	objects = {

/* Begin PBXBuildFile section */
		9F520EDF587C137760F4274B /* CWSDesignSystem in Frameworks */ = {isa = PBXBuildFile; productRef = 8F43BCBDAA30BC55BBAA7568 /* CWSDesignSystem */; };
		E90B4170A6FF62E4B954CB95 /* CWSGalleryApp.swift in Sources */ = {isa = PBXBuildFile; fileRef = E07C76E0DD4E9EA777D04AD7 /* CWSGalleryApp.swift */; };
		FBA2FE3EB2388E036E623DC2 /* GalleryScreens.swift in Sources */ = {isa = PBXBuildFile; fileRef = FBA2658506B16C8AF05D7C44 /* GalleryScreens.swift */; };
/* End PBXBuildFile section */

/* Begin PBXFileReference section */
		85880AC9FE34F22B39ED1FE6 /* CWSGallery.app */ = {isa = PBXFileReference; explicitFileType = wrapper.application; includeInIndex = 0; path = CWSGallery.app; sourceTree = BUILT_PRODUCTS_DIR; };
		B0F415CCB5EDDD1DE6247574 /* codewithsandip-ds */ = {isa = PBXFileReference; lastKnownFileType = folder; name = "codewithsandip-ds"; path = ..; sourceTree = SOURCE_ROOT; };
		E07C76E0DD4E9EA777D04AD7 /* CWSGalleryApp.swift */ = {isa = PBXFileReference; lastKnownFileType = sourcecode.swift; path = CWSGalleryApp.swift; sourceTree = "<group>"; };
		FBA2658506B16C8AF05D7C44 /* GalleryScreens.swift */ = {isa = PBXFileReference; lastKnownFileType = sourcecode.swift; path = GalleryScreens.swift; sourceTree = "<group>"; };
/* End PBXFileReference section */

/* Begin PBXFrameworksBuildPhase section */
		2FC4EF8C2952AE678E010EF0 /* Frameworks */ = {
			isa = PBXFrameworksBuildPhase;
			buildActionMask = 2147483647;
			files = (
				9F520EDF587C137760F4274B /* CWSDesignSystem in Frameworks */,
			);
			runOnlyForDeploymentPostprocessing = 0;
		};
/* End PBXFrameworksBuildPhase section */

/* Begin PBXGroup section */
		0EEC6DDF461C4E0C82A18B7B /* Sources */ = {
			isa = PBXGroup;
			children = (
				E07C76E0DD4E9EA777D04AD7 /* CWSGalleryApp.swift */,
				FBA2658506B16C8AF05D7C44 /* GalleryScreens.swift */,
			);
			path = Sources;
			sourceTree = "<group>";
		};
		1512AA41A6A8A1C65804D447 /* Packages */ = {
			isa = PBXGroup;
			children = (
				B0F415CCB5EDDD1DE6247574 /* codewithsandip-ds */,
			);
			name = Packages;
			sourceTree = "<group>";
		};
		5381BBDCFDBAF61FFB298DC6 /* Products */ = {
			isa = PBXGroup;
			children = (
				85880AC9FE34F22B39ED1FE6 /* CWSGallery.app */,
			);
			name = Products;
			sourceTree = "<group>";
		};
		95C13B32F2BEE574C9611E4A = {
			isa = PBXGroup;
			children = (
				1512AA41A6A8A1C65804D447 /* Packages */,
				0EEC6DDF461C4E0C82A18B7B /* Sources */,
				5381BBDCFDBAF61FFB298DC6 /* Products */,
			);
			sourceTree = "<group>";
		};
/* End PBXGroup section */

/* Begin PBXNativeTarget section */
		F42BAAE9B787B337F36DF82B /* CWSGallery */ = {
			isa = PBXNativeTarget;
			buildConfigurationList = 834F1A00C2D96A5559924EAD /* Build configuration list for PBXNativeTarget "CWSGallery" */;
			buildPhases = (
				6041F5D043D67B515676C7E5 /* Sources */,
				2FC4EF8C2952AE678E010EF0 /* Frameworks */,
			);
			buildRules = (
			);
			dependencies = (
			);
			name = CWSGallery;
			packageProductDependencies = (
				8F43BCBDAA30BC55BBAA7568 /* CWSDesignSystem */,
			);
			productName = CWSGallery;
			productReference = 85880AC9FE34F22B39ED1FE6 /* CWSGallery.app */;
			productType = "com.apple.product-type.application";
		};
/* End PBXNativeTarget section */

/* Begin PBXProject section */
		AB4A7A6E75384324E0C1F020 /* Project object */ = {
			isa = PBXProject;
			attributes = {
				BuildIndependentTargetsInParallel = YES;
				LastUpgradeCheck = 1430;
			};
			buildConfigurationList = 4123394C7BA3E0C19848B058 /* Build configuration list for PBXProject "CWSGallery" */;
			developmentRegion = en;
			hasScannedForEncodings = 0;
			knownRegions = (
				Base,
				en,
			);
			mainGroup = 95C13B32F2BEE574C9611E4A;
			minimizedProjectReferenceProxies = 1;
			packageReferences = (
				246F7F7A6668D0CAA7E2AD70 /* XCLocalSwiftPackageReference ".." */,
			);
			preferredProjectObjectVersion = 77;
			productRefGroup = 5381BBDCFDBAF61FFB298DC6 /* Products */;
			projectDirPath = "";
			projectRoot = "";
			targets = (
				F42BAAE9B787B337F36DF82B /* CWSGallery */,
			);
		};
/* End PBXProject section */

/* Begin PBXSourcesBuildPhase section */
		6041F5D043D67B515676C7E5 /* Sources */ = {
			isa = PBXSourcesBuildPhase;
			buildActionMask = 2147483647;
			files = (
				E90B4170A6FF62E4B954CB95 /* CWSGalleryApp.swift in Sources */,
				FBA2FE3EB2388E036E623DC2 /* GalleryScreens.swift in Sources */,
			);
			runOnlyForDeploymentPostprocessing = 0;
		};
/* End PBXSourcesBuildPhase section */

/* Begin XCBuildConfiguration section */
		0BAC0A4F0E400ED855D7755B /* Release */ = {
			isa = XCBuildConfiguration;
			buildSettings = {
				ASSETCATALOG_COMPILER_APPICON_NAME = AppIcon;
				CODE_SIGN_IDENTITY = "iPhone Developer";
				CURRENT_PROJECT_VERSION = 1;
				DEVELOPMENT_TEAM = QV6YWMB5NS;
				GENERATE_INFOPLIST_FILE = YES;
				INFOPLIST_KEY_UIApplicationSceneManifest_Generation = YES;
				INFOPLIST_KEY_UILaunchScreen_Generation = YES;
				IPHONEOS_DEPLOYMENT_TARGET = 26.0;
				LD_RUNPATH_SEARCH_PATHS = (
					"$(inherited)",
					"@executable_path/Frameworks",
				);
				MARKETING_VERSION = 1.0.0;
				PRODUCT_BUNDLE_IDENTIFIER = com.codewithsandip.cwsgallery;
				SDKROOT = iphoneos;
				SWIFT_VERSION = 6.0;
				TARGETED_DEVICE_FAMILY = "1,2";
			};
			name = Release;
		};
		0E726A291C4D508CDD5C00FC /* Release */ = {
			isa = XCBuildConfiguration;
			buildSettings = {
				ALWAYS_SEARCH_USER_PATHS = NO;
				CLANG_ANALYZER_NONNULL = YES;
				CLANG_ANALYZER_NUMBER_OBJECT_CONVERSION = YES_AGGRESSIVE;
				CLANG_CXX_LANGUAGE_STANDARD = "gnu++14";
				CLANG_CXX_LIBRARY = "libc++";
				CLANG_ENABLE_MODULES = YES;
				CLANG_ENABLE_OBJC_ARC = YES;
				CLANG_ENABLE_OBJC_WEAK = YES;
				CLANG_WARN_BLOCK_CAPTURE_AUTORELEASING = YES;
				CLANG_WARN_BOOL_CONVERSION = YES;
				CLANG_WARN_COMMA = YES;
				CLANG_WARN_CONSTANT_CONVERSION = YES;
				CLANG_WARN_DEPRECATED_OBJC_IMPLEMENTATIONS = YES;
				CLANG_WARN_DIRECT_OBJC_ISA_USAGE = YES_ERROR;
				CLANG_WARN_DOCUMENTATION_COMMENTS = YES;
				CLANG_WARN_EMPTY_BODY = YES;
				CLANG_WARN_ENUM_CONVERSION = YES;
				CLANG_WARN_INFINITE_RECURSION = YES;
				CLANG_WARN_INT_CONVERSION = YES;
				CLANG_WARN_NON_LITERAL_NULL_CONVERSION = YES;
				CLANG_WARN_OBJC_IMPLICIT_RETAIN_SELF = YES;
				CLANG_WARN_OBJC_LITERAL_CONVERSION = YES;
				CLANG_WARN_OBJC_ROOT_CLASS = YES_ERROR;
				CLANG_WARN_QUOTED_INCLUDE_IN_FRAMEWORK_HEADER = YES;
				CLANG_WARN_RANGE_LOOP_ANALYSIS = YES;
				CLANG_WARN_STRICT_PROTOTYPES = YES;
				CLANG_WARN_SUSPICIOUS_MOVE = YES;
				CLANG_WARN_UNGUARDED_AVAILABILITY = YES_AGGRESSIVE;
				CLANG_WARN_UNREACHABLE_CODE = YES;
				CLANG_WARN__DUPLICATE_METHOD_MATCH = YES;
				COPY_PHASE_STRIP = NO;
				DEBUG_INFORMATION_FORMAT = "dwarf-with-dsym";
				ENABLE_NS_ASSERTIONS = NO;
				ENABLE_STRICT_OBJC_MSGSEND = YES;
				GCC_C_LANGUAGE_STANDARD = gnu11;
				GCC_NO_COMMON_BLOCKS = YES;
				GCC_WARN_64_TO_32_BIT_CONVERSION = YES;
				GCC_WARN_ABOUT_RETURN_TYPE = YES_ERROR;
				GCC_WARN_UNDECLARED_SELECTOR = YES;
				GCC_WARN_UNINITIALIZED_AUTOS = YES_AGGRESSIVE;
				GCC_WARN_UNUSED_FUNCTION = YES;
				GCC_WARN_UNUSED_VARIABLE = YES;
				IPHONEOS_DEPLOYMENT_TARGET = 18.0;
				MTL_ENABLE_DEBUG_INFO = NO;
				MTL_FAST_MATH = YES;
				PRODUCT_NAME = "$(TARGET_NAME)";
				SDKROOT = iphoneos;
				SWIFT_COMPILATION_MODE = wholemodule;
				SWIFT_OPTIMIZATION_LEVEL = "-O";
				SWIFT_VERSION = 5.0;
			};
			name = Release;
		};
		5663DA453EDB556EB4343055 /* Debug */ = {
			isa = XCBuildConfiguration;
			buildSettings = {
				ASSETCATALOG_COMPILER_APPICON_NAME = AppIcon;
				CODE_SIGN_IDENTITY = "iPhone Developer";
				CURRENT_PROJECT_VERSION = 1;
				DEVELOPMENT_TEAM = QV6YWMB5NS;
				GENERATE_INFOPLIST_FILE = YES;
				INFOPLIST_KEY_UIApplicationSceneManifest_Generation = YES;
				INFOPLIST_KEY_UILaunchScreen_Generation = YES;
				IPHONEOS_DEPLOYMENT_TARGET = 26.0;
				LD_RUNPATH_SEARCH_PATHS = (
					"$(inherited)",
					"@executable_path/Frameworks",
				);
				MARKETING_VERSION = 1.0.0;
				PRODUCT_BUNDLE_IDENTIFIER = com.codewithsandip.cwsgallery;
				SDKROOT = iphoneos;
				SWIFT_VERSION = 6.0;
				TARGETED_DEVICE_FAMILY = "1,2";
			};
			name = Debug;
		};
		DED49E972118C95440CFA91C /* Debug */ = {
			isa = XCBuildConfiguration;
			buildSettings = {
				ALWAYS_SEARCH_USER_PATHS = NO;
				CLANG_ANALYZER_NONNULL = YES;
				CLANG_ANALYZER_NUMBER_OBJECT_CONVERSION = YES_AGGRESSIVE;
				CLANG_CXX_LANGUAGE_STANDARD = "gnu++14";
				CLANG_CXX_LIBRARY = "libc++";
				CLANG_ENABLE_MODULES = YES;
				CLANG_ENABLE_OBJC_ARC = YES;
				CLANG_ENABLE_OBJC_WEAK = YES;
				CLANG_WARN_BLOCK_CAPTURE_AUTORELEASING = YES;
				CLANG_WARN_BOOL_CONVERSION = YES;
				CLANG_WARN_COMMA = YES;
				CLANG_WARN_CONSTANT_CONVERSION = YES;
				CLANG_WARN_DEPRECATED_OBJC_IMPLEMENTATIONS = YES;
				CLANG_WARN_DIRECT_OBJC_ISA_USAGE = YES_ERROR;
				CLANG_WARN_DOCUMENTATION_COMMENTS = YES;
				CLANG_WARN_EMPTY_BODY = YES;
				CLANG_WARN_ENUM_CONVERSION = YES;
				CLANG_WARN_INFINITE_RECURSION = YES;
				CLANG_WARN_INT_CONVERSION = YES;
				CLANG_WARN_NON_LITERAL_NULL_CONVERSION = YES;
				CLANG_WARN_OBJC_IMPLICIT_RETAIN_SELF = YES;
				CLANG_WARN_OBJC_LITERAL_CONVERSION = YES;
				CLANG_WARN_OBJC_ROOT_CLASS = YES_ERROR;
				CLANG_WARN_QUOTED_INCLUDE_IN_FRAMEWORK_HEADER = YES;
				CLANG_WARN_RANGE_LOOP_ANALYSIS = YES;
				CLANG_WARN_STRICT_PROTOTYPES = YES;
				CLANG_WARN_SUSPICIOUS_MOVE = YES;
				CLANG_WARN_UNGUARDED_AVAILABILITY = YES_AGGRESSIVE;
				CLANG_WARN_UNREACHABLE_CODE = YES;
				CLANG_WARN__DUPLICATE_METHOD_MATCH = YES;
				COPY_PHASE_STRIP = NO;
				DEBUG_INFORMATION_FORMAT = dwarf;
				ENABLE_STRICT_OBJC_MSGSEND = YES;
				ENABLE_TESTABILITY = YES;
				GCC_C_LANGUAGE_STANDARD = gnu11;
				GCC_DYNAMIC_NO_PIC = NO;
				GCC_NO_COMMON_BLOCKS = YES;
				GCC_OPTIMIZATION_LEVEL = 0;
				GCC_PREPROCESSOR_DEFINITIONS = (
					"$(inherited)",
					"DEBUG=1",
				);
				GCC_WARN_64_TO_32_BIT_CONVERSION = YES;
				GCC_WARN_ABOUT_RETURN_TYPE = YES_ERROR;
				GCC_WARN_UNDECLARED_SELECTOR = YES;
				GCC_WARN_UNINITIALIZED_AUTOS = YES_AGGRESSIVE;
				GCC_WARN_UNUSED_FUNCTION = YES;
				GCC_WARN_UNUSED_VARIABLE = YES;
				IPHONEOS_DEPLOYMENT_TARGET = 18.0;
				MTL_ENABLE_DEBUG_INFO = INCLUDE_SOURCE;
				MTL_FAST_MATH = YES;
				ONLY_ACTIVE_ARCH = YES;
				PRODUCT_NAME = "$(TARGET_NAME)";
				SDKROOT = iphoneos;
				SWIFT_ACTIVE_COMPILATION_CONDITIONS = DEBUG;
				SWIFT_OPTIMIZATION_LEVEL = "-Onone";
				SWIFT_VERSION = 5.0;
			};
			name = Debug;
		};
/* End XCBuildConfiguration section */

/* Begin XCConfigurationList section */
		4123394C7BA3E0C19848B058 /* Build configuration list for PBXProject "CWSGallery" */ = {
			isa = XCConfigurationList;
			buildConfigurations = (
				DED49E972118C95440CFA91C /* Debug */,
				0E726A291C4D508CDD5C00FC /* Release */,
			);
			defaultConfigurationIsVisible = 0;
			defaultConfigurationName = Debug;
		};
		834F1A00C2D96A5559924EAD /* Build configuration list for PBXNativeTarget "CWSGallery" */ = {
			isa = XCConfigurationList;
			buildConfigurations = (
				5663DA453EDB556EB4343055 /* Debug */,
				0BAC0A4F0E400ED855D7755B /* Release */,
			);
			defaultConfigurationIsVisible = 0;
			defaultConfigurationName = Debug;
		};
/* End XCConfigurationList section */

/* Begin XCLocalSwiftPackageReference section */
		246F7F7A6668D0CAA7E2AD70 /* XCLocalSwiftPackageReference ".." */ = {
			isa = XCLocalSwiftPackageReference;
			relativePath = ..;
		};
/* End XCLocalSwiftPackageReference section */

/* Begin XCSwiftPackageProductDependency section */
		8F43BCBDAA30BC55BBAA7568 /* CWSDesignSystem */ = {
			isa = XCSwiftPackageProductDependency;
			productName = CWSDesignSystem;
		};
/* End XCSwiftPackageProductDependency section */
	};
	rootObject = AB4A7A6E75384324E0C1F020 /* Project object */;
}
